
Microsoft Visual Studio Solution File, Format Version 12.00
# Visual Studio 15
VisualStudioVersion = 15.0.28307.705
MinimumVisualStudioVersion = 10.0.40219.1
Project("{FAE04EC0-301F-11D3-BF4B-00C04F79EFBC}") = "HW210719", "HW210719\HW210719.csproj", "{3E1C67DC-23DD-48ED-A062-4EFCED6941AB}"
EndProject
Global
	GlobalSection(SolutionConfigurationPlatforms) = preSolution
		Debug|Any CPU = Debug|Any CPU
		Release|Any CPU = Release|Any CPU
	EndGlobalSection
	GlobalSection(ProjectConfigurationPlatforms) = postSolution
		{3E1C67DC-23DD-48ED-A062-4EFCED6941AB}.Debug|Any CPU.ActiveCfg = Debug|Any CPU
		{3E1C67DC-23DD-48ED-A062-4EFCED6941AB}.Debug|Any CPU.Build.0 = Debug|Any CPU
		{3E1C67DC-23DD-48ED-A062-4EFCED6941AB}.Release|Any CPU.ActiveCfg = Release|Any CPU
		{3E1C67DC-23DD-48ED-A062-4EFCED6941AB}.Release|Any CPU.Build.0 = Release|Any CPU
	EndGlobalSection
	GlobalSection(SolutionProperties) = preSolution
		HideSolutionNode = FALSE
	EndGlobalSection
	GlobalSection(ExtensibilityGlobals) = postSolution
		SolutionGuid = {45A94FB0-0BF8-43E6-945C-44E61A2EC750}
	EndGlobalSection
EndGlobal
